
Microsoft Visual Studio Solution File, Format Version 12.00
# Visual Studio Version 17
VisualStudioVersion = 17.4.33103.184
MinimumVisualStudioVersion = 10.0.40219.1
Project("{FAE04EC0-301F-11D3-BF4B-00C04F79EFBC}") = "notifier", "notifier.csproj", "{E7AF2ED6-4AF5-4396-8DE3-FF7736B7CD99}"
EndProject
Global
	GlobalSection(SolutionConfigurationPlatforms) = preSolution
		Debug|Any CPU = Debug|Any CPU
		Release|Any CPU = Release|Any CPU
	EndGlobalSection
	GlobalSection(ProjectConfigurationPlatforms) = postSolution
		{E7AF2ED6-4AF5-4396-8DE3-FF7736B7CD99}.Debug|Any CPU.ActiveCfg = Debug|Any CPU
		{E7AF2ED6-4AF5-4396-8DE3-FF7736B7CD99}.Debug|Any CPU.Build.0 = Debug|Any CPU
		{E7AF2ED6-4AF5-4396-8DE3-FF7736B7CD99}.Release|Any CPU.ActiveCfg = Release|Any CPU
		{E7AF2ED6-4AF5-4396-8DE3-FF7736B7CD99}.Release|Any CPU.Build.0 = Release|Any CPU
	EndGlobalSection
	GlobalSection(SolutionProperties) = preSolution
		HideSolutionNode = FALSE
	EndGlobalSection
	GlobalSection(ExtensibilityGlobals) = postSolution
		SolutionGuid = {66F02F48-64EB-4072-BA3D-ED0C3F645DA0}
	EndGlobalSection
EndGlobal
